
Microsoft Visual Studio Solution File, Format Version 12.00
# Visual Studio 15
VisualStudioVersion = 15.0.27703.2035
MinimumVisualStudioVersion = 10.0.40219.1
Project("{8BC9CEB8-8B4A-11D0-8D11-00A0C91BC942}") = "Pong", "Pong\Pong.vcxproj", "{ECDD3BF9-50AC-462E-A9F4-A29F7A78C16C}"
EndProject
Global
	GlobalSection(SolutionConfigurationPlatforms) = preSolution
		Debug|x64 = Debug|x64
		Debug|x86 = Debug|x86
		Release|x64 = Release|x64
		Release|x86 = Release|x86
	EndGlobalSection
	GlobalSection(ProjectConfigurationPlatforms) = postSolution
		{ECDD3BF9-50AC-462E-A9F4-A29F7A78C16C}.Debug|x64.ActiveCfg = Debug|x64
		{ECDD3BF9-50AC-462E-A9F4-A29F7A78C16C}.Debug|x64.Build.0 = Debug|x64
		{ECDD3BF9-50AC-462E-A9F4-A29F7A78C16C}.Debug|x86.ActiveCfg = Debug|Win32
		{ECDD3BF9-50AC-462E-A9F4-A29F7A78C16C}.Debug|x86.Build.0 = Debug|Win32
		{ECDD3BF9-50AC-462E-A9F4-A29F7A78C16C}.Release|x64.ActiveCfg = Release|x64
		{ECDD3BF9-50AC-462E-A9F4-A29F7A78C16C}.Release|x64.Build.0 = Release|x64
		{ECDD3BF9-50AC-462E-A9F4-A29F7A78C16C}.Release|x86.ActiveCfg = Release|Win32
		{ECDD3BF9-50AC-462E-A9F4-A29F7A78C16C}.Release|x86.Build.0 = Release|Win32
	EndGlobalSection
	GlobalSection(SolutionProperties) = preSolution
		HideSolutionNode = FALSE
	EndGlobalSection
	GlobalSection(ExtensibilityGlobals) = postSolution
		SolutionGuid = {EC9032AC-EE1E-4708-BE1C-880AD5DDCA06}
	EndGlobalSection
EndGlobal
